
Microsoft Visual Studio Solution File, Format Version 12.00
# Visual Studio 15
VisualStudioVersion = 15.0.27130.2027
MinimumVisualStudioVersion = 10.0.40219.1
Project("{FAE04EC0-301F-11D3-BF4B-00C04F79EFBC}") = "DaemonBackuper", "DaemonBackuper\DaemonBackuper.csproj", "{0BE4DCF2-6E0F-4C9F-B67F-33B8EB1CCB60}"
EndProject
Project("{54435603-DBB4-11D2-8724-00A0C9A8B90C}") = "DaemonBackuper_Installer", "DaemonBackuper_Installer\DaemonBackuper_Installer.vdproj", "{1EC19E1B-C1B8-4502-BF74-A761645C590F}"
EndProject
Global
	GlobalSection(SolutionConfigurationPlatforms) = preSolution
		Debug|Any CPU = Debug|Any CPU
		Release|Any CPU = Release|Any CPU
	EndGlobalSection
	GlobalSection(ProjectConfigurationPlatforms) = postSolution
		{0BE4DCF2-6E0F-4C9F-B67F-33B8EB1CCB60}.Debug|Any CPU.ActiveCfg = Debug|Any CPU
		{0BE4DCF2-6E0F-4C9F-B67F-33B8EB1CCB60}.Debug|Any CPU.Build.0 = Debug|Any CPU
		{0BE4DCF2-6E0F-4C9F-B67F-33B8EB1CCB60}.Release|Any CPU.ActiveCfg = Release|Any CPU
		{0BE4DCF2-6E0F-4C9F-B67F-33B8EB1CCB60}.Release|Any CPU.Build.0 = Release|Any CPU
		{1EC19E1B-C1B8-4502-BF74-A761645C590F}.Debug|Any CPU.ActiveCfg = Debug
		{1EC19E1B-C1B8-4502-BF74-A761645C590F}.Release|Any CPU.ActiveCfg = Release
	EndGlobalSection
	GlobalSection(SolutionProperties) = preSolution
		HideSolutionNode = FALSE
	EndGlobalSection
	GlobalSection(ExtensibilityGlobals) = postSolution
		SolutionGuid = {A1B84E13-255E-4136-8617-B3514291561B}
	EndGlobalSection
EndGlobal
